
Microsoft Visual Studio Solution File, Format Version 12.00
# Visual Studio 14
VisualStudioVersion = 14.0.25420.1
MinimumVisualStudioVersion = 10.0.40219.1
Project("{FAE04EC0-301F-11D3-BF4B-00C04F79EFBC}") = "Farms.App.Droid", "Farms.App\Farms.App.Droid\Farms.App.Droid.csproj", "{BD433DF7-B2C4-4D89-A89E-D04E4FF81769}"
EndProject
Project("{FAE04EC0-301F-11D3-BF4B-00C04F79EFBC}") = "Farms.App.iOS", "Farms.App\Farms.App.iOS\Farms.App.iOS.csproj", "{C48D133D-7287-4F27-A6C5-11D7B58EB625}"
EndProject
Project("{FAE04EC0-301F-11D3-BF4B-00C04F79EFBC}") = "Farms.App.WinPhone", "Farms.App\Farms.App.WinPhone\Farms.App.WinPhone.csproj", "{37BD4753-F187-4C64-80DE-57DD223A8923}"
EndProject
Project("{FAE04EC0-301F-11D3-BF4B-00C04F79EFBC}") = "Farms.App.UWP", "Farms.App\Farms.App.UWP\Farms.App.UWP.csproj", "{A41DA580-CE40-403E-A67F-C0243514C676}"
EndProject
Project("{FAE04EC0-301F-11D3-BF4B-00C04F79EFBC}") = "Farms.App.Windows", "Farms.App\Farms.App.Windows\Farms.App.Windows.csproj", "{B6C64291-4D2E-49FE-A44C-8CECAF920085}"
EndProject
Project("{FAE04EC0-301F-11D3-BF4B-00C04F79EFBC}") = "Farms.App", "Farms.App\Farms.App\Farms.App.csproj", "{E26294F9-C177-4918-8453-0D157960829A}"
EndProject
Global
	GlobalSection(SolutionConfigurationPlatforms) = preSolution
		Ad-Hoc|Any CPU = Ad-Hoc|Any CPU
		Ad-Hoc|ARM = Ad-Hoc|ARM
		Ad-Hoc|iPhone = Ad-Hoc|iPhone
		Ad-Hoc|iPhoneSimulator = Ad-Hoc|iPhoneSimulator
		Ad-Hoc|x64 = Ad-Hoc|x64
		Ad-Hoc|x86 = Ad-Hoc|x86
		AppStore|Any CPU = AppStore|Any CPU
		AppStore|ARM = AppStore|ARM
		AppStore|iPhone = AppStore|iPhone
		AppStore|iPhoneSimulator = AppStore|iPhoneSimulator
		AppStore|x64 = AppStore|x64
		AppStore|x86 = AppStore|x86
		Debug|Any CPU = Debug|Any CPU
		Debug|ARM = Debug|ARM
		Debug|iPhone = Debug|iPhone
		Debug|iPhoneSimulator = Debug|iPhoneSimulator
		Debug|x64 = Debug|x64
		Debug|x86 = Debug|x86
		Release|Any CPU = Release|Any CPU
		Release|ARM = Release|ARM
		Release|iPhone = Release|iPhone
		Release|iPhoneSimulator = Release|iPhoneSimulator
		Release|x64 = Release|x64
		Release|x86 = Release|x86
	EndGlobalSection
	GlobalSection(ProjectConfigurationPlatforms) = postSolution
		{BD433DF7-B2C4-4D89-A89E-D04E4FF81769}.Ad-Hoc|Any CPU.ActiveCfg = Release|Any CPU
		{BD433DF7-B2C4-4D89-A89E-D04E4FF81769}.Ad-Hoc|Any CPU.Build.0 = Release|Any CPU
		{BD433DF7-B2C4-4D89-A89E-D04E4FF81769}.Ad-Hoc|Any CPU.Deploy.0 = Release|Any CPU
		{BD433DF7-B2C4-4D89-A89E-D04E4FF81769}.Ad-Hoc|ARM.ActiveCfg = Release|Any CPU
		{BD433DF7-B2C4-4D89-A89E-D04E4FF81769}.Ad-Hoc|ARM.Build.0 = Release|Any CPU
		{BD433DF7-B2C4-4D89-A89E-D04E4FF81769}.Ad-Hoc|ARM.Deploy.0 = Release|Any CPU
		{BD433DF7-B2C4-4D89-A89E-D04E4FF81769}.Ad-Hoc|iPhone.ActiveCfg = Release|Any CPU
		{BD433DF7-B2C4-4D89-A89E-D04E4FF81769}.Ad-Hoc|iPhone.Build.0 = Release|Any CPU
		{BD433DF7-B2C4-4D89-A89E-D04E4FF81769}.Ad-Hoc|iPhone.Deploy.0 = Release|Any CPU
		{BD433DF7-B2C4-4D89-A89E-D04E4FF81769}.Ad-Hoc|iPhoneSimulator.ActiveCfg = Release|Any CPU
		{BD433DF7-B2C4-4D89-A89E-D04E4FF81769}.Ad-Hoc|iPhoneSimulator.Build.0 = Release|Any CPU
		{BD433DF7-B2C4-4D89-A89E-D04E4FF81769}.Ad-Hoc|iPhoneSimulator.Deploy.0 = Release|Any CPU
		{BD433DF7-B2C4-4D89-A89E-D04E4FF81769}.Ad-Hoc|x64.ActiveCfg = Release|Any CPU
		{BD433DF7-B2C4-4D89-A89E-D04E4FF81769}.Ad-Hoc|x64.Build.0 = Release|Any CPU
		{BD433DF7-B2C4-4D89-A89E-D04E4FF81769}.Ad-Hoc|x64.Deploy.0 = Release|Any CPU
		{BD433DF7-B2C4-4D89-A89E-D04E4FF81769}.Ad-Hoc|x86.ActiveCfg = Release|Any CPU
		{BD433DF7-B2C4-4D89-A89E-D04E4FF81769}.Ad-Hoc|x86.Build.0 = Release|Any CPU
		{BD433DF7-B2C4-4D89-A89E-D04E4FF81769}.Ad-Hoc|x86.Deploy.0 = Release|Any CPU
		{BD433DF7-B2C4-4D89-A89E-D04E4FF81769}.AppStore|Any CPU.ActiveCfg = Release|Any CPU
		{BD433DF7-B2C4-4D89-A89E-D04E4FF81769}.AppStore|Any CPU.Build.0 = Release|Any CPU
		{BD433DF7-B2C4-4D89-A89E-D04E4FF81769}.AppStore|Any CPU.Deploy.0 = Release|Any CPU
		{BD433DF7-B2C4-4D89-A89E-D04E4FF81769}.AppStore|ARM.ActiveCfg = Release|Any CPU
		{BD433DF7-B2C4-4D89-A89E-D04E4FF81769}.AppStore|ARM.Build.0 = Release|Any CPU
		{BD433DF7-B2C4-4D89-A89E-D04E4FF81769}.AppStore|ARM.Deploy.0 = Release|Any CPU
		{BD433DF7-B2C4-4D89-A89E-D04E4FF81769}.AppStore|iPhone.ActiveCfg = Release|Any CPU
		{BD433DF7-B2C4-4D89-A89E-D04E4FF81769}.AppStore|iPhone.Build.0 = Release|Any CPU
		{BD433DF7-B2C4-4D89-A89E-D04E4FF81769}.AppStore|iPhone.Deploy.0 = Release|Any CPU
		{BD433DF7-B2C4-4D89-A89E-D04E4FF81769}.AppStore|iPhoneSimulator.ActiveCfg = Release|Any CPU
		{BD433DF7-B2C4-4D89-A89E-D04E4FF81769}.AppStore|iPhoneSimulator.Build.0 = Release|Any CPU
		{BD433DF7-B2C4-4D89-A89E-D04E4FF81769}.AppStore|iPhoneSimulator.Deploy.0 = Release|Any CPU
		{BD433DF7-B2C4-4D89-A89E-D04E4FF81769}.AppStore|x64.ActiveCfg = Release|Any CPU
		{BD433DF7-B2C4-4D89-A89E-D04E4FF81769}.AppStore|x64.Build.0 = Release|Any CPU
		{BD433DF7-B2C4-4D89-A89E-D04E4FF81769}.AppStore|x64.Deploy.0 = Release|Any CPU
		{BD433DF7-B2C4-4D89-A89E-D04E4FF81769}.AppStore|x86.ActiveCfg = Release|Any CPU
		{BD433DF7-B2C4-4D89-A89E-D04E4FF81769}.AppStore|x86.Build.0 = Release|Any CPU
		{BD433DF7-B2C4-4D89-A89E-D04E4FF81769}.AppStore|x86.Deploy.0 = Release|Any CPU
		{BD433DF7-B2C4-4D89-A89E-D04E4FF81769}.Debug|Any CPU.ActiveCfg = Debug|Any CPU
		{BD433DF7-B2C4-4D89-A89E-D04E4FF81769}.Debug|Any CPU.Build.0 = Debug|Any CPU
		{BD433DF7-B2C4-4D89-A89E-D04E4FF81769}.Debug|Any CPU.Deploy.0 = Debug|Any CPU
		{BD433DF7-B2C4-4D89-A89E-D04E4FF81769}.Debug|ARM.ActiveCfg = Debug|Any CPU
		{BD433DF7-B2C4-4D89-A89E-D04E4FF81769}.Debug|ARM.Build.0 = Debug|Any CPU
		{BD433DF7-B2C4-4D89-A89E-D04E4FF81769}.Debug|ARM.Deploy.0 = Debug|Any CPU
		{BD433DF7-B2C4-4D89-A89E-D04E4FF81769}.Debug|iPhone.ActiveCfg = Debug|Any CPU
		{BD433DF7-B2C4-4D89-A89E-D04E4FF81769}.Debug|iPhone.Build.0 = Debug|Any CPU
		{BD433DF7-B2C4-4D89-A89E-D04E4FF81769}.Debug|iPhone.Deploy.0 = Debug|Any CPU
		{BD433DF7-B2C4-4D89-A89E-D04E4FF81769}.Debug|iPhoneSimulator.ActiveCfg = Debug|Any CPU
		{BD433DF7-B2C4-4D89-A89E-D04E4FF81769}.Debug|iPhoneSimulator.Build.0 = Debug|Any CPU
		{BD433DF7-B2C4-4D89-A89E-D04E4FF81769}.Debug|iPhoneSimulator.Deploy.0 = Debug|Any CPU
		{BD433DF7-B2C4-4D89-A89E-D04E4FF81769}.Debug|x64.ActiveCfg = Debug|Any CPU
		{BD433DF7-B2C4-4D89-A89E-D04E4FF81769}.Debug|x64.Build.0 = Debug|Any CPU
		{BD433DF7-B2C4-4D89-A89E-D04E4FF81769}.Debug|x64.Deploy.0 = Debug|Any CPU
		{BD433DF7-B2C4-4D89-A89E-D04E4FF81769}.Debug|x86.ActiveCfg = Debug|Any CPU
		{BD433DF7-B2C4-4D89-A89E-D04E4FF81769}.Debug|x86.Build.0 = Debug|Any CPU
		{BD433DF7-B2C4-4D89-A89E-D04E4FF81769}.Debug|x86.Deploy.0 = Debug|Any CPU
		{BD433DF7-B2C4-4D89-A89E-D04E4FF81769}.Release|Any CPU.ActiveCfg = Release|Any CPU
		{BD433DF7-B2C4-4D89-A89E-D04E4FF81769}.Release|Any CPU.Build.0 = Release|Any CPU
		{BD433DF7-B2C4-4D89-A89E-D04E4FF81769}.Release|Any CPU.Deploy.0 = Release|Any CPU
		{BD433DF7-B2C4-4D89-A89E-D04E4FF81769}.Release|ARM.ActiveCfg = Release|Any CPU
		{BD433DF7-B2C4-4D89-A89E-D04E4FF81769}.Release|ARM.Build.0 = Release|Any CPU
		{BD433DF7-B2C4-4D89-A89E-D04E4FF81769}.Release|ARM.Deploy.0 = Release|Any CPU
		{BD433DF7-B2C4-4D89-A89E-D04E4FF81769}.Release|iPhone.ActiveCfg = Release|Any CPU
		{BD433DF7-B2C4-4D89-A89E-D04E4FF81769}.Release|iPhone.Build.0 = Release|Any CPU
		{BD433DF7-B2C4-4D89-A89E-D04E4FF81769}.Release|iPhone.Deploy.0 = Release|Any CPU
		{BD433DF7-B2C4-4D89-A89E-D04E4FF81769}.Release|iPhoneSimulator.ActiveCfg = Release|Any CPU
		{BD433DF7-B2C4-4D89-A89E-D04E4FF81769}.Release|iPhoneSimulator.Build.0 = Release|Any CPU
		{BD433DF7-B2C4-4D89-A89E-D04E4FF81769}.Release|iPhoneSimulator.Deploy.0 = Release|Any CPU
		{BD433DF7-B2C4-4D89-A89E-D04E4FF81769}.Release|x64.ActiveCfg = Release|Any CPU
		{BD433DF7-B2C4-4D89-A89E-D04E4FF81769}.Release|x64.Build.0 = Release|Any CPU
		{BD433DF7-B2C4-4D89-A89E-D04E4FF81769}.Release|x64.Deploy.0 = Release|Any CPU
		{BD433DF7-B2C4-4D89-A89E-D04E4FF81769}.Release|x86.ActiveCfg = Release|Any CPU
		{BD433DF7-B2C4-4D89-A89E-D04E4FF81769}.Release|x86.Build.0 = Release|Any CPU
		{BD433DF7-B2C4-4D89-A89E-D04E4FF81769}.Release|x86.Deploy.0 = Release|Any CPU
		{C48D133D-7287-4F27-A6C5-11D7B58EB625}.Ad-Hoc|Any CPU.ActiveCfg = Ad-Hoc|iPhone
		{C48D133D-7287-4F27-A6C5-11D7B58EB625}.Ad-Hoc|ARM.ActiveCfg = Ad-Hoc|iPhone
		{C48D133D-7287-4F27-A6C5-11D7B58EB625}.Ad-Hoc|iPhone.ActiveCfg = Ad-Hoc|iPhone
		{C48D133D-7287-4F27-A6C5-11D7B58EB625}.Ad-Hoc|iPhone.Build.0 = Ad-Hoc|iPhone
		{C48D133D-7287-4F27-A6C5-11D7B58EB625}.Ad-Hoc|iPhoneSimulator.ActiveCfg = Ad-Hoc|iPhoneSimulator
		{C48D133D-7287-4F27-A6C5-11D7B58EB625}.Ad-Hoc|iPhoneSimulator.Build.0 = Ad-Hoc|iPhoneSimulator
		{C48D133D-7287-4F27-A6C5-11D7B58EB625}.Ad-Hoc|x64.ActiveCfg = Ad-Hoc|iPhone
		{C48D133D-7287-4F27-A6C5-11D7B58EB625}.Ad-Hoc|x86.ActiveCfg = Ad-Hoc|iPhone
		{C48D133D-7287-4F27-A6C5-11D7B58EB625}.AppStore|Any CPU.ActiveCfg = AppStore|iPhone
		{C48D133D-7287-4F27-A6C5-11D7B58EB625}.AppStore|ARM.ActiveCfg = AppStore|iPhone
		{C48D133D-7287-4F27-A6C5-11D7B58EB625}.AppStore|iPhone.ActiveCfg = AppStore|iPhone
		{C48D133D-7287-4F27-A6C5-11D7B58EB625}.AppStore|iPhone.Build.0 = AppStore|iPhone
		{C48D133D-7287-4F27-A6C5-11D7B58EB625}.AppStore|iPhoneSimulator.ActiveCfg = AppStore|iPhoneSimulator
		{C48D133D-7287-4F27-A6C5-11D7B58EB625}.AppStore|iPhoneSimulator.Build.0 = AppStore|iPhoneSimulator
		{C48D133D-7287-4F27-A6C5-11D7B58EB625}.AppStore|x64.ActiveCfg = AppStore|iPhone
		{C48D133D-7287-4F27-A6C5-11D7B58EB625}.AppStore|x86.ActiveCfg = AppStore|iPhone
		{C48D133D-7287-4F27-A6C5-11D7B58EB625}.Debug|Any CPU.ActiveCfg = Debug|iPhone
		{C48D133D-7287-4F27-A6C5-11D7B58EB625}.Debug|ARM.ActiveCfg = Debug|iPhone
		{C48D133D-7287-4F27-A6C5-11D7B58EB625}.Debug|iPhone.ActiveCfg = Debug|iPhone
		{C48D133D-7287-4F27-A6C5-11D7B58EB625}.Debug|iPhone.Build.0 = Debug|iPhone
		{C48D133D-7287-4F27-A6C5-11D7B58EB625}.Debug|iPhoneSimulator.ActiveCfg = Debug|iPhoneSimulator
		{C48D133D-7287-4F27-A6C5-11D7B58EB625}.Debug|iPhoneSimulator.Build.0 = Debug|iPhoneSimulator
		{C48D133D-7287-4F27-A6C5-11D7B58EB625}.Debug|x64.ActiveCfg = Debug|iPhone
		{C48D133D-7287-4F27-A6C5-11D7B58EB625}.Debug|x86.ActiveCfg = Debug|iPhone
		{C48D133D-7287-4F27-A6C5-11D7B58EB625}.Release|Any CPU.ActiveCfg = Release|iPhone
		{C48D133D-7287-4F27-A6C5-11D7B58EB625}.Release|ARM.ActiveCfg = Release|iPhone
		{C48D133D-7287-4F27-A6C5-11D7B58EB625}.Release|iPhone.ActiveCfg = Release|iPhone
		{C48D133D-7287-4F27-A6C5-11D7B58EB625}.Release|iPhone.Build.0 = Release|iPhone
		{C48D133D-7287-4F27-A6C5-11D7B58EB625}.Release|iPhoneSimulator.ActiveCfg = Release|iPhoneSimulator
		{C48D133D-7287-4F27-A6C5-11D7B58EB625}.Release|iPhoneSimulator.Build.0 = Release|iPhoneSimulator
		{C48D133D-7287-4F27-A6C5-11D7B58EB625}.Release|x64.ActiveCfg = Release|iPhone
		{C48D133D-7287-4F27-A6C5-11D7B58EB625}.Release|x86.ActiveCfg = Release|iPhone
		{37BD4753-F187-4C64-80DE-57DD223A8923}.Ad-Hoc|Any CPU.ActiveCfg = Release|Any CPU
		{37BD4753-F187-4C64-80DE-57DD223A8923}.Ad-Hoc|Any CPU.Build.0 = Release|Any CPU
		{37BD4753-F187-4C64-80DE-57DD223A8923}.Ad-Hoc|Any CPU.Deploy.0 = Release|Any CPU
		{37BD4753-F187-4C64-80DE-57DD223A8923}.Ad-Hoc|ARM.ActiveCfg = Release|ARM
		{37BD4753-F187-4C64-80DE-57DD223A8923}.Ad-Hoc|ARM.Build.0 = Release|ARM
		{37BD4753-F187-4C64-80DE-57DD223A8923}.Ad-Hoc|ARM.Deploy.0 = Release|ARM
		{37BD4753-F187-4C64-80DE-57DD223A8923}.Ad-Hoc|iPhone.ActiveCfg = Release|Any CPU
		{37BD4753-F187-4C64-80DE-57DD223A8923}.Ad-Hoc|iPhone.Build.0 = Release|Any CPU
		{37BD4753-F187-4C64-80DE-57DD223A8923}.Ad-Hoc|iPhone.Deploy.0 = Release|Any CPU
		{37BD4753-F187-4C64-80DE-57DD223A8923}.Ad-Hoc|iPhoneSimulator.ActiveCfg = Release|Any CPU
		{37BD4753-F187-4C64-80DE-57DD223A8923}.Ad-Hoc|iPhoneSimulator.Build.0 = Release|Any CPU
		{37BD4753-F187-4C64-80DE-57DD223A8923}.Ad-Hoc|iPhoneSimulator.Deploy.0 = Release|Any CPU
		{37BD4753-F187-4C64-80DE-57DD223A8923}.Ad-Hoc|x64.ActiveCfg = Release|Any CPU
		{37BD4753-F187-4C64-80DE-57DD223A8923}.Ad-Hoc|x64.Build.0 = Release|Any CPU
		{37BD4753-F187-4C64-80DE-57DD223A8923}.Ad-Hoc|x64.Deploy.0 = Release|Any CPU
		{37BD4753-F187-4C64-80DE-57DD223A8923}.Ad-Hoc|x86.ActiveCfg = Release|x86
		{37BD4753-F187-4C64-80DE-57DD223A8923}.Ad-Hoc|x86.Build.0 = Release|x86
		{37BD4753-F187-4C64-80DE-57DD223A8923}.Ad-Hoc|x86.Deploy.0 = Release|x86
		{37BD4753-F187-4C64-80DE-57DD223A8923}.AppStore|Any CPU.ActiveCfg = Release|Any CPU
		{37BD4753-F187-4C64-80DE-57DD223A8923}.AppStore|Any CPU.Build.0 = Release|Any CPU
		{37BD4753-F187-4C64-80DE-57DD223A8923}.AppStore|Any CPU.Deploy.0 = Release|Any CPU
		{37BD4753-F187-4C64-80DE-57DD223A8923}.AppStore|ARM.ActiveCfg = Release|ARM
		{37BD4753-F187-4C64-80DE-57DD223A8923}.AppStore|ARM.Build.0 = Release|ARM
		{37BD4753-F187-4C64-80DE-57DD223A8923}.AppStore|ARM.Deploy.0 = Release|ARM
		{37BD4753-F187-4C64-80DE-57DD223A8923}.AppStore|iPhone.ActiveCfg = Release|Any CPU
		{37BD4753-F187-4C64-80DE-57DD223A8923}.AppStore|iPhone.Build.0 = Release|Any CPU
		{37BD4753-F187-4C64-80DE-57DD223A8923}.AppStore|iPhone.Deploy.0 = Release|Any CPU
		{37BD4753-F187-4C64-80DE-57DD223A8923}.AppStore|iPhoneSimulator.ActiveCfg = Release|Any CPU
		{37BD4753-F187-4C64-80DE-57DD223A8923}.AppStore|iPhoneSimulator.Build.0 = Release|Any CPU
		{37BD4753-F187-4C64-80DE-57DD223A8923}.AppStore|iPhoneSimulator.Deploy.0 = Release|Any CPU
		{37BD4753-F187-4C64-80DE-57DD223A8923}.AppStore|x64.ActiveCfg = Release|Any CPU
		{37BD4753-F187-4C64-80DE-57DD223A8923}.AppStore|x64.Build.0 = Release|Any CPU
		{37BD4753-F187-4C64-80DE-57DD223A8923}.AppStore|x64.Deploy.0 = Release|Any CPU
		{37BD4753-F187-4C64-80DE-57DD223A8923}.AppStore|x86.ActiveCfg = Release|x86
		{37BD4753-F187-4C64-80DE-57DD223A8923}.AppStore|x86.Build.0 = Release|x86
		{37BD4753-F187-4C64-80DE-57DD223A8923}.AppStore|x86.Deploy.0 = Release|x86
		{37BD4753-F187-4C64-80DE-57DD223A8923}.Debug|Any CPU.ActiveCfg = Debug|Any CPU
		{37BD4753-F187-4C64-80DE-57DD223A8923}.Debug|Any CPU.Build.0 = Debug|Any CPU
		{37BD4753-F187-4C64-80DE-57DD223A8923}.Debug|Any CPU.Deploy.0 = Debug|Any CPU
		{37BD4753-F187-4C64-80DE-57DD223A8923}.Debug|ARM.ActiveCfg = Debug|ARM
		{37BD4753-F187-4C64-80DE-57DD223A8923}.Debug|ARM.Build.0 = Debug|ARM
		{37BD4753-F187-4C64-80DE-57DD223A8923}.Debug|ARM.Deploy.0 = Debug|ARM
		{37BD4753-F187-4C64-80DE-57DD223A8923}.Debug|iPhone.ActiveCfg = Debug|Any CPU
		{37BD4753-F187-4C64-80DE-57DD223A8923}.Debug|iPhone.Build.0 = Debug|Any CPU
		{37BD4753-F187-4C64-80DE-57DD223A8923}.Debug|iPhone.Deploy.0 = Debug|Any CPU
		{37BD4753-F187-4C64-80DE-57DD223A8923}.Debug|iPhoneSimulator.ActiveCfg = Debug|Any CPU
		{37BD4753-F187-4C64-80DE-57DD223A8923}.Debug|iPhoneSimulator.Build.0 = Debug|Any CPU
		{37BD4753-F187-4C64-80DE-57DD223A8923}.Debug|iPhoneSimulator.Deploy.0 = Debug|Any CPU
		{37BD4753-F187-4C64-80DE-57DD223A8923}.Debug|x64.ActiveCfg = Debug|Any CPU
		{37BD4753-F187-4C64-80DE-57DD223A8923}.Debug|x64.Build.0 = Debug|Any CPU
		{37BD4753-F187-4C64-80DE-57DD223A8923}.Debug|x64.Deploy.0 = Debug|Any CPU
		{37BD4753-F187-4C64-80DE-57DD223A8923}.Debug|x86.ActiveCfg = Debug|x86
		{37BD4753-F187-4C64-80DE-57DD223A8923}.Debug|x86.Build.0 = Debug|x86
		{37BD4753-F187-4C64-80DE-57DD223A8923}.Debug|x86.Deploy.0 = Debug|x86
		{37BD4753-F187-4C64-80DE-57DD223A8923}.Release|Any CPU.ActiveCfg = Release|Any CPU
		{37BD4753-F187-4C64-80DE-57DD223A8923}.Release|Any CPU.Build.0 = Release|Any CPU
		{37BD4753-F187-4C64-80DE-57DD223A8923}.Release|Any CPU.Deploy.0 = Release|Any CPU
		{37BD4753-F187-4C64-80DE-57DD223A8923}.Release|ARM.ActiveCfg = Release|ARM
		{37BD4753-F187-4C64-80DE-57DD223A8923}.Release|ARM.Build.0 = Release|ARM
		{37BD4753-F187-4C64-80DE-57DD223A8923}.Release|ARM.Deploy.0 = Release|ARM
		{37BD4753-F187-4C64-80DE-57DD223A8923}.Release|iPhone.ActiveCfg = Release|Any CPU
		{37BD4753-F187-4C64-80DE-57DD223A8923}.Release|iPhone.Build.0 = Release|Any CPU
		{37BD4753-F187-4C64-80DE-57DD223A8923}.Release|iPhone.Deploy.0 = Release|Any CPU
		{37BD4753-F187-4C64-80DE-57DD223A8923}.Release|iPhoneSimulator.ActiveCfg = Release|Any CPU
		{37BD4753-F187-4C64-80DE-57DD223A8923}.Release|iPhoneSimulator.Build.0 = Release|Any CPU
		{37BD4753-F187-4C64-80DE-57DD223A8923}.Release|iPhoneSimulator.Deploy.0 = Release|Any CPU
		{37BD4753-F187-4C64-80DE-57DD223A8923}.Release|x64.ActiveCfg = Release|Any CPU
		{37BD4753-F187-4C64-80DE-57DD223A8923}.Release|x64.Build.0 = Release|Any CPU
		{37BD4753-F187-4C64-80DE-57DD223A8923}.Release|x64.Deploy.0 = Release|Any CPU
		{37BD4753-F187-4C64-80DE-57DD223A8923}.Release|x86.ActiveCfg = Release|x86
		{37BD4753-F187-4C64-80DE-57DD223A8923}.Release|x86.Build.0 = Release|x86
		{37BD4753-F187-4C64-80DE-57DD223A8923}.Release|x86.Deploy.0 = Release|x86
		{A41DA580-CE40-403E-A67F-C0243514C676}.Ad-Hoc|Any CPU.ActiveCfg = Release|x86
		{A41DA580-CE40-403E-A67F-C0243514C676}.Ad-Hoc|Any CPU.Build.0 = Release|x86
		{A41DA580-CE40-403E-A67F-C0243514C676}.Ad-Hoc|Any CPU.Deploy.0 = Release|x86
		{A41DA580-CE40-403E-A67F-C0243514C676}.Ad-Hoc|ARM.ActiveCfg = Release|ARM
		{A41DA580-CE40-403E-A67F-C0243514C676}.Ad-Hoc|ARM.Build.0 = Release|ARM
		{A41DA580-CE40-403E-A67F-C0243514C676}.Ad-Hoc|ARM.Deploy.0 = Release|ARM
		{A41DA580-CE40-403E-A67F-C0243514C676}.Ad-Hoc|iPhone.ActiveCfg = Release|x86
		{A41DA580-CE40-403E-A67F-C0243514C676}.Ad-Hoc|iPhone.Build.0 = Release|x86
		{A41DA580-CE40-403E-A67F-C0243514C676}.Ad-Hoc|iPhone.Deploy.0 = Release|x86
		{A41DA580-CE40-403E-A67F-C0243514C676}.Ad-Hoc|iPhoneSimulator.ActiveCfg = Release|x86
		{A41DA580-CE40-403E-A67F-C0243514C676}.Ad-Hoc|iPhoneSimulator.Build.0 = Release|x86
		{A41DA580-CE40-403E-A67F-C0243514C676}.Ad-Hoc|iPhoneSimulator.Deploy.0 = Release|x86
		{A41DA580-CE40-403E-A67F-C0243514C676}.Ad-Hoc|x64.ActiveCfg = Release|x64
		{A41DA580-CE40-403E-A67F-C0243514C676}.Ad-Hoc|x64.Build.0 = Release|x64
		{A41DA580-CE40-403E-A67F-C0243514C676}.Ad-Hoc|x64.Deploy.0 = Release|x64
		{A41DA580-CE40-403E-A67F-C0243514C676}.Ad-Hoc|x86.ActiveCfg = Release|x86
		{A41DA580-CE40-403E-A67F-C0243514C676}.Ad-Hoc|x86.Build.0 = Release|x86
		{A41DA580-CE40-403E-A67F-C0243514C676}.Ad-Hoc|x86.Deploy.0 = Release|x86
		{A41DA580-CE40-403E-A67F-C0243514C676}.AppStore|Any CPU.ActiveCfg = Release|x86
		{A41DA580-CE40-403E-A67F-C0243514C676}.AppStore|Any CPU.Build.0 = Release|x86
		{A41DA580-CE40-403E-A67F-C0243514C676}.AppStore|Any CPU.Deploy.0 = Release|x86
		{A41DA580-CE40-403E-A67F-C0243514C676}.AppStore|ARM.ActiveCfg = Release|ARM
		{A41DA580-CE40-403E-A67F-C0243514C676}.AppStore|ARM.Build.0 = Release|ARM
		{A41DA580-CE40-403E-A67F-C0243514C676}.AppStore|ARM.Deploy.0 = Release|ARM
		{A41DA580-CE40-403E-A67F-C0243514C676}.AppStore|iPhone.ActiveCfg = Release|x86
		{A41DA580-CE40-403E-A67F-C0243514C676}.AppStore|iPhone.Build.0 = Release|x86
		{A41DA580-CE40-403E-A67F-C0243514C676}.AppStore|iPhone.Deploy.0 = Release|x86
		{A41DA580-CE40-403E-A67F-C0243514C676}.AppStore|iPhoneSimulator.ActiveCfg = Release|x86
		{A41DA580-CE40-403E-A67F-C0243514C676}.AppStore|iPhoneSimulator.Build.0 = Release|x86
		{A41DA580-CE40-403E-A67F-C0243514C676}.AppStore|iPhoneSimulator.Deploy.0 = Release|x86
		{A41DA580-CE40-403E-A67F-C0243514C676}.AppStore|x64.ActiveCfg = Release|x64
		{A41DA580-CE40-403E-A67F-C0243514C676}.AppStore|x64.Build.0 = Release|x64
		{A41DA580-CE40-403E-A67F-C0243514C676}.AppStore|x64.Deploy.0 = Release|x64
		{A41DA580-CE40-403E-A67F-C0243514C676}.AppStore|x86.ActiveCfg = Release|x86
		{A41DA580-CE40-403E-A67F-C0243514C676}.AppStore|x86.Build.0 = Release|x86
		{A41DA580-CE40-403E-A67F-C0243514C676}.AppStore|x86.Deploy.0 = Release|x86
		{A41DA580-CE40-403E-A67F-C0243514C676}.Debug|Any CPU.ActiveCfg = Debug|x86
		{A41DA580-CE40-403E-A67F-C0243514C676}.Debug|ARM.ActiveCfg = Debug|ARM
		{A41DA580-CE40-403E-A67F-C0243514C676}.Debug|ARM.Build.0 = Debug|ARM
		{A41DA580-CE40-403E-A67F-C0243514C676}.Debug|ARM.Deploy.0 = Debug|ARM
		{A41DA580-CE40-403E-A67F-C0243514C676}.Debug|iPhone.ActiveCfg = Debug|x86
		{A41DA580-CE40-403E-A67F-C0243514C676}.Debug|iPhoneSimulator.ActiveCfg = Debug|x86
		{A41DA580-CE40-403E-A67F-C0243514C676}.Debug|x64.ActiveCfg = Debug|x64
		{A41DA580-CE40-403E-A67F-C0243514C676}.Debug|x64.Build.0 = Debug|x64
		{A41DA580-CE40-403E-A67F-C0243514C676}.Debug|x64.Deploy.0 = Debug|x64
		{A41DA580-CE40-403E-A67F-C0243514C676}.Debug|x86.ActiveCfg = Debug|x86
		{A41DA580-CE40-403E-A67F-C0243514C676}.Debug|x86.Build.0 = Debug|x86
		{A41DA580-CE40-403E-A67F-C0243514C676}.Debug|x86.Deploy.0 = Debug|x86
		{A41DA580-CE40-403E-A67F-C0243514C676}.Release|Any CPU.ActiveCfg = Release|x86
		{A41DA580-CE40-403E-A67F-C0243514C676}.Release|ARM.ActiveCfg = Release|ARM
		{A41DA580-CE40-403E-A67F-C0243514C676}.Release|ARM.Build.0 = Release|ARM
		{A41DA580-CE40-403E-A67F-C0243514C676}.Release|ARM.Deploy.0 = Release|ARM
		{A41DA580-CE40-403E-A67F-C0243514C676}.Release|iPhone.ActiveCfg = Release|x86
		{A41DA580-CE40-403E-A67F-C0243514C676}.Release|iPhoneSimulator.ActiveCfg = Release|x86
		{A41DA580-CE40-403E-A67F-C0243514C676}.Release|x64.ActiveCfg = Release|x64
		{A41DA580-CE40-403E-A67F-C0243514C676}.Release|x64.Build.0 = Release|x64
		{A41DA580-CE40-403E-A67F-C0243514C676}.Release|x64.Deploy.0 = Release|x64
		{A41DA580-CE40-403E-A67F-C0243514C676}.Release|x86.ActiveCfg = Release|x86
		{A41DA580-CE40-403E-A67F-C0243514C676}.Release|x86.Build.0 = Release|x86
		{A41DA580-CE40-403E-A67F-C0243514C676}.Release|x86.Deploy.0 = Release|x86
		{B6C64291-4D2E-49FE-A44C-8CECAF920085}.Ad-Hoc|Any CPU.ActiveCfg = Release|Any CPU
		{B6C64291-4D2E-49FE-A44C-8CECAF920085}.Ad-Hoc|Any CPU.Build.0 = Release|Any CPU
		{B6C64291-4D2E-49FE-A44C-8CECAF920085}.Ad-Hoc|Any CPU.Deploy.0 = Release|Any CPU
		{B6C64291-4D2E-49FE-A44C-8CECAF920085}.Ad-Hoc|ARM.ActiveCfg = Release|ARM
		{B6C64291-4D2E-49FE-A44C-8CECAF920085}.Ad-Hoc|ARM.Build.0 = Release|ARM
		{B6C64291-4D2E-49FE-A44C-8CECAF920085}.Ad-Hoc|ARM.Deploy.0 = Release|ARM
		{B6C64291-4D2E-49FE-A44C-8CECAF920085}.Ad-Hoc|iPhone.ActiveCfg = Release|Any CPU
		{B6C64291-4D2E-49FE-A44C-8CECAF920085}.Ad-Hoc|iPhone.Build.0 = Release|Any CPU
		{B6C64291-4D2E-49FE-A44C-8CECAF920085}.Ad-Hoc|iPhone.Deploy.0 = Release|Any CPU
		{B6C64291-4D2E-49FE-A44C-8CECAF920085}.Ad-Hoc|iPhoneSimulator.ActiveCfg = Release|Any CPU
		{B6C64291-4D2E-49FE-A44C-8CECAF920085}.Ad-Hoc|iPhoneSimulator.Build.0 = Release|Any CPU
		{B6C64291-4D2E-49FE-A44C-8CECAF920085}.Ad-Hoc|iPhoneSimulator.Deploy.0 = Release|Any CPU
		{B6C64291-4D2E-49FE-A44C-8CECAF920085}.Ad-Hoc|x64.ActiveCfg = Release|x64
		{B6C64291-4D2E-49FE-A44C-8CECAF920085}.Ad-Hoc|x64.Build.0 = Release|x64
		{B6C64291-4D2E-49FE-A44C-8CECAF920085}.Ad-Hoc|x64.Deploy.0 = Release|x64
		{B6C64291-4D2E-49FE-A44C-8CECAF920085}.Ad-Hoc|x86.ActiveCfg = Release|x86
		{B6C64291-4D2E-49FE-A44C-8CECAF920085}.Ad-Hoc|x86.Build.0 = Release|x86
		{B6C64291-4D2E-49FE-A44C-8CECAF920085}.Ad-Hoc|x86.Deploy.0 = Release|x86
		{B6C64291-4D2E-49FE-A44C-8CECAF920085}.AppStore|Any CPU.ActiveCfg = Release|Any CPU
		{B6C64291-4D2E-49FE-A44C-8CECAF920085}.AppStore|Any CPU.Build.0 = Release|Any CPU
		{B6C64291-4D2E-49FE-A44C-8CECAF920085}.AppStore|Any CPU.Deploy.0 = Release|Any CPU
		{B6C64291-4D2E-49FE-A44C-8CECAF920085}.AppStore|ARM.ActiveCfg = Release|ARM
		{B6C64291-4D2E-49FE-A44C-8CECAF920085}.AppStore|ARM.Build.0 = Release|ARM
		{B6C64291-4D2E-49FE-A44C-8CECAF920085}.AppStore|ARM.Deploy.0 = Release|ARM
		{B6C64291-4D2E-49FE-A44C-8CECAF920085}.AppStore|iPhone.ActiveCfg = Release|Any CPU
		{B6C64291-4D2E-49FE-A44C-8CECAF920085}.AppStore|iPhone.Build.0 = Release|Any CPU
		{B6C64291-4D2E-49FE-A44C-8CECAF920085}.AppStore|iPhone.Deploy.0 = Release|Any CPU
		{B6C64291-4D2E-49FE-A44C-8CECAF920085}.AppStore|iPhoneSimulator.ActiveCfg = Release|Any CPU
		{B6C64291-4D2E-49FE-A44C-8CECAF920085}.AppStore|iPhoneSimulator.Build.0 = Release|Any CPU
		{B6C64291-4D2E-49FE-A44C-8CECAF920085}.AppStore|iPhoneSimulator.Deploy.0 = Release|Any CPU
		{B6C64291-4D2E-49FE-A44C-8CECAF920085}.AppStore|x64.ActiveCfg = Release|x64
		{B6C64291-4D2E-49FE-A44C-8CECAF920085}.AppStore|x64.Build.0 = Release|x64
		{B6C64291-4D2E-49FE-A44C-8CECAF920085}.AppStore|x64.Deploy.0 = Release|x64
		{B6C64291-4D2E-49FE-A44C-8CECAF920085}.AppStore|x86.ActiveCfg = Release|x86
		{B6C64291-4D2E-49FE-A44C-8CECAF920085}.AppStore|x86.Build.0 = Release|x86
		{B6C64291-4D2E-49FE-A44C-8CECAF920085}.AppStore|x86.Deploy.0 = Release|x86
		{B6C64291-4D2E-49FE-A44C-8CECAF920085}.Debug|Any CPU.ActiveCfg = Debug|Any CPU
		{B6C64291-4D2E-49FE-A44C-8CECAF920085}.Debug|Any CPU.Build.0 = Debug|Any CPU
		{B6C64291-4D2E-49FE-A44C-8CECAF920085}.Debug|Any CPU.Deploy.0 = Debug|Any CPU
		{B6C64291-4D2E-49FE-A44C-8CECAF920085}.Debug|ARM.ActiveCfg = Debug|ARM
		{B6C64291-4D2E-49FE-A44C-8CECAF920085}.Debug|ARM.Build.0 = Debug|ARM
		{B6C64291-4D2E-49FE-A44C-8CECAF920085}.Debug|ARM.Deploy.0 = Debug|ARM
		{B6C64291-4D2E-49FE-A44C-8CECAF920085}.Debug|iPhone.ActiveCfg = Debug|Any CPU
		{B6C64291-4D2E-49FE-A44C-8CECAF920085}.Debug|iPhone.Build.0 = Debug|Any CPU
		{B6C64291-4D2E-49FE-A44C-8CECAF920085}.Debug|iPhone.Deploy.0 = Debug|Any CPU
		{B6C64291-4D2E-49FE-A44C-8CECAF920085}.Debug|iPhoneSimulator.ActiveCfg = Debug|Any CPU
		{B6C64291-4D2E-49FE-A44C-8CECAF920085}.Debug|iPhoneSimulator.Build.0 = Debug|Any CPU
		{B6C64291-4D2E-49FE-A44C-8CECAF920085}.Debug|iPhoneSimulator.Deploy.0 = Debug|Any CPU
		{B6C64291-4D2E-49FE-A44C-8CECAF920085}.Debug|x64.ActiveCfg = Debug|x64
		{B6C64291-4D2E-49FE-A44C-8CECAF920085}.Debug|x64.Build.0 = Debug|x64
		{B6C64291-4D2E-49FE-A44C-8CECAF920085}.Debug|x64.Deploy.0 = Debug|x64
		{B6C64291-4D2E-49FE-A44C-8CECAF920085}.Debug|x86.ActiveCfg = Debug|x86
		{B6C64291-4D2E-49FE-A44C-8CECAF920085}.Debug|x86.Build.0 = Debug|x86
		{B6C64291-4D2E-49FE-A44C-8CECAF920085}.Debug|x86.Deploy.0 = Debug|x86
		{B6C64291-4D2E-49FE-A44C-8CECAF920085}.Release|Any CPU.ActiveCfg = Release|Any CPU
		{B6C64291-4D2E-49FE-A44C-8CECAF920085}.Release|Any CPU.Build.0 = Release|Any CPU
		{B6C64291-4D2E-49FE-A44C-8CECAF920085}.Release|Any CPU.Deploy.0 = Release|Any CPU
		{B6C64291-4D2E-49FE-A44C-8CECAF920085}.Release|ARM.ActiveCfg = Release|ARM
		{B6C64291-4D2E-49FE-A44C-8CECAF920085}.Release|ARM.Build.0 = Release|ARM
		{B6C64291-4D2E-49FE-A44C-8CECAF920085}.Release|ARM.Deploy.0 = Release|ARM
		{B6C64291-4D2E-49FE-A44C-8CECAF920085}.Release|iPhone.ActiveCfg = Release|Any CPU
		{B6C64291-4D2E-49FE-A44C-8CECAF920085}.Release|iPhone.Build.0 = Release|Any CPU
		{B6C64291-4D2E-49FE-A44C-8CECAF920085}.Release|iPhone.Deploy.0 = Release|Any CPU
		{B6C64291-4D2E-49FE-A44C-8CECAF920085}.Release|iPhoneSimulator.ActiveCfg = Release|Any CPU
		{B6C64291-4D2E-49FE-A44C-8CECAF920085}.Release|iPhoneSimulator.Build.0 = Release|Any CPU
		{B6C64291-4D2E-49FE-A44C-8CECAF920085}.Release|iPhoneSimulator.Deploy.0 = Release|Any CPU
		{B6C64291-4D2E-49FE-A44C-8CECAF920085}.Release|x64.ActiveCfg = Release|x64
		{B6C64291-4D2E-49FE-A44C-8CECAF920085}.Release|x64.Build.0 = Release|x64
		{B6C64291-4D2E-49FE-A44C-8CECAF920085}.Release|x64.Deploy.0 = Release|x64
		{B6C64291-4D2E-49FE-A44C-8CECAF920085}.Release|x86.ActiveCfg = Release|x86
		{B6C64291-4D2E-49FE-A44C-8CECAF920085}.Release|x86.Build.0 = Release|x86
		{B6C64291-4D2E-49FE-A44C-8CECAF920085}.Release|x86.Deploy.0 = Release|x86
		{E26294F9-C177-4918-8453-0D157960829A}.Ad-Hoc|Any CPU.ActiveCfg = Release|Any CPU
		{E26294F9-C177-4918-8453-0D157960829A}.Ad-Hoc|Any CPU.Build.0 = Release|Any CPU
		{E26294F9-C177-4918-8453-0D157960829A}.Ad-Hoc|ARM.ActiveCfg = Release|Any CPU
		{E26294F9-C177-4918-8453-0D157960829A}.Ad-Hoc|ARM.Build.0 = Release|Any CPU
		{E26294F9-C177-4918-8453-0D157960829A}.Ad-Hoc|iPhone.ActiveCfg = Release|Any CPU
		{E26294F9-C177-4918-8453-0D157960829A}.Ad-Hoc|iPhone.Build.0 = Release|Any CPU
		{E26294F9-C177-4918-8453-0D157960829A}.Ad-Hoc|iPhoneSimulator.ActiveCfg = Release|Any CPU
		{E26294F9-C177-4918-8453-0D157960829A}.Ad-Hoc|iPhoneSimulator.Build.0 = Release|Any CPU
		{E26294F9-C177-4918-8453-0D157960829A}.Ad-Hoc|x64.ActiveCfg = Release|Any CPU
		{E26294F9-C177-4918-8453-0D157960829A}.Ad-Hoc|x64.Build.0 = Release|Any CPU
		{E26294F9-C177-4918-8453-0D157960829A}.Ad-Hoc|x86.ActiveCfg = Release|Any CPU
		{E26294F9-C177-4918-8453-0D157960829A}.Ad-Hoc|x86.Build.0 = Release|Any CPU
		{E26294F9-C177-4918-8453-0D157960829A}.AppStore|Any CPU.ActiveCfg = Release|Any CPU
		{E26294F9-C177-4918-8453-0D157960829A}.AppStore|Any CPU.Build.0 = Release|Any CPU
		{E26294F9-C177-4918-8453-0D157960829A}.AppStore|ARM.ActiveCfg = Release|Any CPU
		{E26294F9-C177-4918-8453-0D157960829A}.AppStore|ARM.Build.0 = Release|Any CPU
		{E26294F9-C177-4918-8453-0D157960829A}.AppStore|iPhone.ActiveCfg = Release|Any CPU
		{E26294F9-C177-4918-8453-0D157960829A}.AppStore|iPhone.Build.0 = Release|Any CPU
		{E26294F9-C177-4918-8453-0D157960829A}.AppStore|iPhoneSimulator.ActiveCfg = Release|Any CPU
		{E26294F9-C177-4918-8453-0D157960829A}.AppStore|iPhoneSimulator.Build.0 = Release|Any CPU
		{E26294F9-C177-4918-8453-0D157960829A}.AppStore|x64.ActiveCfg = Release|Any CPU
		{E26294F9-C177-4918-8453-0D157960829A}.AppStore|x64.Build.0 = Release|Any CPU
		{E26294F9-C177-4918-8453-0D157960829A}.AppStore|x86.ActiveCfg = Release|Any CPU
		{E26294F9-C177-4918-8453-0D157960829A}.AppStore|x86.Build.0 = Release|Any CPU
		{E26294F9-C177-4918-8453-0D157960829A}.Debug|Any CPU.ActiveCfg = Debug|Any CPU
		{E26294F9-C177-4918-8453-0D157960829A}.Debug|Any CPU.Build.0 = Debug|Any CPU
		{E26294F9-C177-4918-8453-0D157960829A}.Debug|ARM.ActiveCfg = Debug|Any CPU
		{E26294F9-C177-4918-8453-0D157960829A}.Debug|ARM.Build.0 = Debug|Any CPU
		{E26294F9-C177-4918-8453-0D157960829A}.Debug|iPhone.ActiveCfg = Debug|Any CPU
		{E26294F9-C177-4918-8453-0D157960829A}.Debug|iPhone.Build.0 = Debug|Any CPU
		{E26294F9-C177-4918-8453-0D157960829A}.Debug|iPhoneSimulator.ActiveCfg = Debug|Any CPU
		{E26294F9-C177-4918-8453-0D157960829A}.Debug|iPhoneSimulator.Build.0 = Debug|Any CPU
		{E26294F9-C177-4918-8453-0D157960829A}.Debug|x64.ActiveCfg = Debug|Any CPU
		{E26294F9-C177-4918-8453-0D157960829A}.Debug|x64.Build.0 = Debug|Any CPU
		{E26294F9-C177-4918-8453-0D157960829A}.Debug|x86.ActiveCfg = Debug|Any CPU
		{E26294F9-C177-4918-8453-0D157960829A}.Debug|x86.Build.0 = Debug|Any CPU
		{E26294F9-C177-4918-8453-0D157960829A}.Release|Any CPU.ActiveCfg = Release|Any CPU
		{E26294F9-C177-4918-8453-0D157960829A}.Release|Any CPU.Build.0 = Release|Any CPU
		{E26294F9-C177-4918-8453-0D157960829A}.Release|ARM.ActiveCfg = Release|Any CPU
		{E26294F9-C177-4918-8453-0D157960829A}.Release|ARM.Build.0 = Release|Any CPU
		{E26294F9-C177-4918-8453-0D157960829A}.Release|iPhone.ActiveCfg = Release|Any CPU
		{E26294F9-C177-4918-8453-0D157960829A}.Release|iPhone.Build.0 = Release|Any CPU
		{E26294F9-C177-4918-8453-0D157960829A}.Release|iPhoneSimulator.ActiveCfg = Release|Any CPU
		{E26294F9-C177-4918-8453-0D157960829A}.Release|iPhoneSimulator.Build.0 = Release|Any CPU
		{E26294F9-C177-4918-8453-0D157960829A}.Release|x64.ActiveCfg = Release|Any CPU
		{E26294F9-C177-4918-8453-0D157960829A}.Release|x64.Build.0 = Release|Any CPU
		{E26294F9-C177-4918-8453-0D157960829A}.Release|x86.ActiveCfg = Release|Any CPU
		{E26294F9-C177-4918-8453-0D157960829A}.Release|x86.Build.0 = Release|Any CPU
	EndGlobalSection
	GlobalSection(SolutionProperties) = preSolution
		HideSolutionNode = FALSE
	EndGlobalSection
EndGlobal
